// !$*UTF8*$!
{
	archiveVersion = 1;
	classes = {
	};
	objectVersion = 50;
	objects = {

/* Begin PBXBuildFile section */
		01AF69B5E914CD577818A05C /* Pods_ENBDPixabayTests.framework in Frameworks */ = {isa = PBXBuildFile; fileRef = 09320F37729B91CDB3BD90AA /* Pods_ENBDPixabayTests.framework */; };
		275B4ABA2458B27500BC244D /* AppDelegate.swift in Sources */ = {isa = PBXBuildFile; fileRef = 275B4AB92458B27500BC244D /* AppDelegate.swift */; };
		275B4ABC2458B27500BC244D /* SceneDelegate.swift in Sources */ = {isa = PBXBuildFile; fileRef = 275B4ABB2458B27500BC244D /* SceneDelegate.swift */; };
		275B4ABE2458B27500BC244D /* ViewController.swift in Sources */ = {isa = PBXBuildFile; fileRef = 275B4ABD2458B27500BC244D /* ViewController.swift */; };
		275B4AC12458B27500BC244D /* Main.storyboard in Resources */ = {isa = PBXBuildFile; fileRef = 275B4ABF2458B27500BC244D /* Main.storyboard */; };
		275B4AC42458B27500BC244D /* ENBDPixabay.xcdatamodeld in Sources */ = {isa = PBXBuildFile; fileRef = 275B4AC22458B27500BC244D /* ENBDPixabay.xcdatamodeld */; };
		275B4AC62458B27A00BC244D /* Assets.xcassets in Resources */ = {isa = PBXBuildFile; fileRef = 275B4AC52458B27A00BC244D /* Assets.xcassets */; };
		275B4AC92458B27A00BC244D /* LaunchScreen.storyboard in Resources */ = {isa = PBXBuildFile; fileRef = 275B4AC72458B27A00BC244D /* LaunchScreen.storyboard */; };
		275B4AD42458B27A00BC244D /* ENBDPixabayTests.swift in Sources */ = {isa = PBXBuildFile; fileRef = 275B4AD32458B27A00BC244D /* ENBDPixabayTests.swift */; };
		275B4AE12458C2B400BC244D /* PBHitsModel.swift in Sources */ = {isa = PBXBuildFile; fileRef = 275B4AE02458C2B400BC244D /* PBHitsModel.swift */; };
		275B4AE32458C4D000BC244D /* PBHitsService.swift in Sources */ = {isa = PBXBuildFile; fileRef = 275B4AE22458C4CF00BC244D /* PBHitsService.swift */; };
		275B4AE72459749000BC244D /* PBHitDetailsViewController.swift in Sources */ = {isa = PBXBuildFile; fileRef = 275B4AE62459749000BC244D /* PBHitDetailsViewController.swift */; };
		275B4AEA245974CC00BC244D /* PBHitsListViewController.swift in Sources */ = {isa = PBXBuildFile; fileRef = 275B4AE9245974CB00BC244D /* PBHitsListViewController.swift */; };
		275B4AEC245974E000BC244D /* PBHitsListViewModel.swift in Sources */ = {isa = PBXBuildFile; fileRef = 275B4AEB245974E000BC244D /* PBHitsListViewModel.swift */; };
		275B4AEE2459750100BC244D /* PBHitDetailsViewModel.swift in Sources */ = {isa = PBXBuildFile; fileRef = 275B4AED2459750100BC244D /* PBHitDetailsViewModel.swift */; };
		275B4AF2245A042300BC244D /* PBHits.json in Resources */ = {isa = PBXBuildFile; fileRef = 275B4AF02459FBDC00BC244D /* PBHits.json */; };
		3708638E067C07586D5F25C3 /* Pods_ENBDPixabay.framework in Frameworks */ = {isa = PBXBuildFile; fileRef = B45CCBACBD40685D8F5A9A9D /* Pods_ENBDPixabay.framework */; };
/* End PBXBuildFile section */

/* Begin PBXContainerItemProxy section */
		275B4AD02458B27A00BC244D /* PBXContainerItemProxy */ = {
			isa = PBXContainerItemProxy;
			containerPortal = 275B4AAE2458B27500BC244D /* Project object */;
			proxyType = 1;
			remoteGlobalIDString = 275B4AB52458B27500BC244D;
			remoteInfo = ENBDPixabay;
		};
/* End PBXContainerItemProxy section */

/* Begin PBXFileReference section */
		09320F37729B91CDB3BD90AA /* Pods_ENBDPixabayTests.framework */ = {isa = PBXFileReference; explicitFileType = wrapper.framework; includeInIndex = 0; path = Pods_ENBDPixabayTests.framework; sourceTree = BUILT_PRODUCTS_DIR; };
		275B4AB62458B27500BC244D /* ENBDPixabay.app */ = {isa = PBXFileReference; explicitFileType = wrapper.application; includeInIndex = 0; path = ENBDPixabay.app; sourceTree = BUILT_PRODUCTS_DIR; };
		275B4AB92458B27500BC244D /* AppDelegate.swift */ = {isa = PBXFileReference; lastKnownFileType = sourcecode.swift; path = AppDelegate.swift; sourceTree = "<group>"; };
		275B4ABB2458B27500BC244D /* SceneDelegate.swift */ = {isa = PBXFileReference; lastKnownFileType = sourcecode.swift; path = SceneDelegate.swift; sourceTree = "<group>"; };
		275B4ABD2458B27500BC244D /* ViewController.swift */ = {isa = PBXFileReference; lastKnownFileType = sourcecode.swift; path = ViewController.swift; sourceTree = "<group>"; };
		275B4AC02458B27500BC244D /* Base */ = {isa = PBXFileReference; lastKnownFileType = file.storyboard; name = Base; path = Base.lproj/Main.storyboard; sourceTree = "<group>"; };
		275B4AC32458B27500BC244D /* ENBDPixabay.xcdatamodel */ = {isa = PBXFileReference; lastKnownFileType = wrapper.xcdatamodel; path = ENBDPixabay.xcdatamodel; sourceTree = "<group>"; };
		275B4AC52458B27A00BC244D /* Assets.xcassets */ = {isa = PBXFileReference; lastKnownFileType = folder.assetcatalog; path = Assets.xcassets; sourceTree = "<group>"; };
		275B4AC82458B27A00BC244D /* Base */ = {isa = PBXFileReference; lastKnownFileType = file.storyboard; name = Base; path = Base.lproj/LaunchScreen.storyboard; sourceTree = "<group>"; };
		275B4ACA2458B27A00BC244D /* Info.plist */ = {isa = PBXFileReference; lastKnownFileType = text.plist.xml; path = Info.plist; sourceTree = "<group>"; };
		275B4ACF2458B27A00BC244D /* ENBDPixabayTests.xctest */ = {isa = PBXFileReference; explicitFileType = wrapper.cfbundle; includeInIndex = 0; path = ENBDPixabayTests.xctest; sourceTree = BUILT_PRODUCTS_DIR; };
		275B4AD32458B27A00BC244D /* ENBDPixabayTests.swift */ = {isa = PBXFileReference; lastKnownFileType = sourcecode.swift; path = ENBDPixabayTests.swift; sourceTree = "<group>"; };
		275B4AD52458B27A00BC244D /* Info.plist */ = {isa = PBXFileReference; lastKnownFileType = text.plist.xml; path = Info.plist; sourceTree = "<group>"; };
		275B4AE02458C2B400BC244D /* PBHitsModel.swift */ = {isa = PBXFileReference; lastKnownFileType = sourcecode.swift; path = PBHitsModel.swift; sourceTree = "<group>"; };
		275B4AE22458C4CF00BC244D /* PBHitsService.swift */ = {isa = PBXFileReference; lastKnownFileType = sourcecode.swift; path = PBHitsService.swift; sourceTree = "<group>"; };
		275B4AE62459749000BC244D /* PBHitDetailsViewController.swift */ = {isa = PBXFileReference; lastKnownFileType = sourcecode.swift; path = PBHitDetailsViewController.swift; sourceTree = "<group>"; };
		275B4AE9245974CB00BC244D /* PBHitsListViewController.swift */ = {isa = PBXFileReference; lastKnownFileType = sourcecode.swift; path = PBHitsListViewController.swift; sourceTree = "<group>"; };
		275B4AEB245974E000BC244D /* PBHitsListViewModel.swift */ = {isa = PBXFileReference; lastKnownFileType = sourcecode.swift; path = PBHitsListViewModel.swift; sourceTree = "<group>"; };
		275B4AED2459750100BC244D /* PBHitDetailsViewModel.swift */ = {isa = PBXFileReference; lastKnownFileType = sourcecode.swift; path = PBHitDetailsViewModel.swift; sourceTree = "<group>"; };
		275B4AF02459FBDC00BC244D /* PBHits.json */ = {isa = PBXFileReference; lastKnownFileType = text.json; path = PBHits.json; sourceTree = "<group>"; };
		3F7E3DCD87C2C6FDD5B8FD53 /* Pods-ENBDPixabay.release.xcconfig */ = {isa = PBXFileReference; includeInIndex = 1; lastKnownFileType = text.xcconfig; name = "Pods-ENBDPixabay.release.xcconfig"; path = "Target Support Files/Pods-ENBDPixabay/Pods-ENBDPixabay.release.xcconfig"; sourceTree = "<group>"; };
		7E155F227B48192F4766D4AC /* Pods-ENBDPixabayTests.release.xcconfig */ = {isa = PBXFileReference; includeInIndex = 1; lastKnownFileType = text.xcconfig; name = "Pods-ENBDPixabayTests.release.xcconfig"; path = "Target Support Files/Pods-ENBDPixabayTests/Pods-ENBDPixabayTests.release.xcconfig"; sourceTree = "<group>"; };
		B45CCBACBD40685D8F5A9A9D /* Pods_ENBDPixabay.framework */ = {isa = PBXFileReference; explicitFileType = wrapper.framework; includeInIndex = 0; path = Pods_ENBDPixabay.framework; sourceTree = BUILT_PRODUCTS_DIR; };
		E91B7B4CB355185F443357A1 /* Pods-ENBDPixabay.debug.xcconfig */ = {isa = PBXFileReference; includeInIndex = 1; lastKnownFileType = text.xcconfig; name = "Pods-ENBDPixabay.debug.xcconfig"; path = "Target Support Files/Pods-ENBDPixabay/Pods-ENBDPixabay.debug.xcconfig"; sourceTree = "<group>"; };
		EB2E47AE4D5668F5D44A9C9F /* Pods-ENBDPixabayTests.debug.xcconfig */ = {isa = PBXFileReference; includeInIndex = 1; lastKnownFileType = text.xcconfig; name = "Pods-ENBDPixabayTests.debug.xcconfig"; path = "Target Support Files/Pods-ENBDPixabayTests/Pods-ENBDPixabayTests.debug.xcconfig"; sourceTree = "<group>"; };
/* End PBXFileReference section */

/* Begin PBXFrameworksBuildPhase section */
		275B4AB32458B27500BC244D /* Frameworks */ = {
			isa = PBXFrameworksBuildPhase;
			buildActionMask = 2147483647;
			files = (
				3708638E067C07586D5F25C3 /* Pods_ENBDPixabay.framework in Frameworks */,
			);
			runOnlyForDeploymentPostprocessing = 0;
		};
		275B4ACC2458B27A00BC244D /* Frameworks */ = {
			isa = PBXFrameworksBuildPhase;
			buildActionMask = 2147483647;
			files = (
				01AF69B5E914CD577818A05C /* Pods_ENBDPixabayTests.framework in Frameworks */,
			);
			runOnlyForDeploymentPostprocessing = 0;
		};
/* End PBXFrameworksBuildPhase section */

/* Begin PBXGroup section */
		261822457919EA04BCDED1E6 /* Frameworks */ = {
			isa = PBXGroup;
			children = (
				B45CCBACBD40685D8F5A9A9D /* Pods_ENBDPixabay.framework */,
				09320F37729B91CDB3BD90AA /* Pods_ENBDPixabayTests.framework */,
			);
			name = Frameworks;
			sourceTree = "<group>";
		};
		275B4AAD2458B27500BC244D = {
			isa = PBXGroup;
			children = (
				275B4AB82458B27500BC244D /* ENBDPixabay */,
				275B4AD22458B27A00BC244D /* ENBDPixabayTests */,
				275B4AB72458B27500BC244D /* Products */,
				ED1D8D118A986F8937A96830 /* Pods */,
				261822457919EA04BCDED1E6 /* Frameworks */,
			);
			sourceTree = "<group>";
		};
		275B4AB72458B27500BC244D /* Products */ = {
			isa = PBXGroup;
			children = (
				275B4AB62458B27500BC244D /* ENBDPixabay.app */,
				275B4ACF2458B27A00BC244D /* ENBDPixabayTests.xctest */,
			);
			name = Products;
			sourceTree = "<group>";
		};
		275B4AB82458B27500BC244D /* ENBDPixabay */ = {
			isa = PBXGroup;
			children = (
				275B4AE52459737900BC244D /* Controller */,
				275B4AE42459735300BC244D /* Presentation */,
				275B4ADF2458C0A600BC244D /* Services */,
				275B4ADE2458C09B00BC244D /* Model */,
				275B4AEF2459FB8C00BC244D /* Resources */,
				275B4AB92458B27500BC244D /* AppDelegate.swift */,
				275B4ABB2458B27500BC244D /* SceneDelegate.swift */,
				275B4AC52458B27A00BC244D /* Assets.xcassets */,
				275B4ACA2458B27A00BC244D /* Info.plist */,
				275B4AC22458B27500BC244D /* ENBDPixabay.xcdatamodeld */,
			);
			path = ENBDPixabay;
			sourceTree = "<group>";
		};
		275B4AD22458B27A00BC244D /* ENBDPixabayTests */ = {
			isa = PBXGroup;
			children = (
				275B4AD32458B27A00BC244D /* ENBDPixabayTests.swift */,
				275B4AD52458B27A00BC244D /* Info.plist */,
			);
			path = ENBDPixabayTests;
			sourceTree = "<group>";
		};
		275B4ADE2458C09B00BC244D /* Model */ = {
			isa = PBXGroup;
			children = (
				275B4AE02458C2B400BC244D /* PBHitsModel.swift */,
			);
			path = Model;
			sourceTree = "<group>";
		};
		275B4ADF2458C0A600BC244D /* Services */ = {
			isa = PBXGroup;
			children = (
				275B4AE22458C4CF00BC244D /* PBHitsService.swift */,
			);
			path = Services;
			sourceTree = "<group>";
		};
		275B4AE42459735300BC244D /* Presentation */ = {
			isa = PBXGroup;
			children = (
				275B4AC72458B27A00BC244D /* LaunchScreen.storyboard */,
				275B4ABF2458B27500BC244D /* Main.storyboard */,
			);
			path = Presentation;
			sourceTree = "<group>";
		};
		275B4AE52459737900BC244D /* Controller */ = {
			isa = PBXGroup;
			children = (
				275B4AE8245974A200BC244D /* ViewModel */,
				275B4ABD2458B27500BC244D /* ViewController.swift */,
				275B4AE62459749000BC244D /* PBHitDetailsViewController.swift */,
				275B4AE9245974CB00BC244D /* PBHitsListViewController.swift */,
			);
			path = Controller;
			sourceTree = "<group>";
		};
		275B4AE8245974A200BC244D /* ViewModel */ = {
			isa = PBXGroup;
			children = (
				275B4AEB245974E000BC244D /* PBHitsListViewModel.swift */,
				275B4AED2459750100BC244D /* PBHitDetailsViewModel.swift */,
			);
			path = ViewModel;
			sourceTree = "<group>";
		};
		275B4AEF2459FB8C00BC244D /* Resources */ = {
			isa = PBXGroup;
			children = (
				275B4AF02459FBDC00BC244D /* PBHits.json */,
			);
			path = Resources;
			sourceTree = "<group>";
		};
		ED1D8D118A986F8937A96830 /* Pods */ = {
			isa = PBXGroup;
			children = (
				E91B7B4CB355185F443357A1 /* Pods-ENBDPixabay.debug.xcconfig */,
				3F7E3DCD87C2C6FDD5B8FD53 /* Pods-ENBDPixabay.release.xcconfig */,
				EB2E47AE4D5668F5D44A9C9F /* Pods-ENBDPixabayTests.debug.xcconfig */,
				7E155F227B48192F4766D4AC /* Pods-ENBDPixabayTests.release.xcconfig */,
			);
			path = Pods;
			sourceTree = "<group>";
		};
/* End PBXGroup section */

/* Begin PBXNativeTarget section */
		275B4AB52458B27500BC244D /* ENBDPixabay */ = {
			isa = PBXNativeTarget;
			buildConfigurationList = 275B4AD82458B27A00BC244D /* Build configuration list for PBXNativeTarget "ENBDPixabay" */;
			buildPhases = (
				F09CB82E45DD45335C5C59CE /* [CP] Check Pods Manifest.lock */,
				275B4AB22458B27500BC244D /* Sources */,
				275B4AB32458B27500BC244D /* Frameworks */,
				275B4AB42458B27500BC244D /* Resources */,
			);
			buildRules = (
			);
			dependencies = (
			);
			name = ENBDPixabay;
			productName = ENBDPixabay;
			productReference = 275B4AB62458B27500BC244D /* ENBDPixabay.app */;
			productType = "com.apple.product-type.application";
		};
		275B4ACE2458B27A00BC244D /* ENBDPixabayTests */ = {
			isa = PBXNativeTarget;
			buildConfigurationList = 275B4ADB2458B27A00BC244D /* Build configuration list for PBXNativeTarget "ENBDPixabayTests" */;
			buildPhases = (
				1859F349828D26AB22FF8089 /* [CP] Check Pods Manifest.lock */,
				275B4ACB2458B27A00BC244D /* Sources */,
				275B4ACC2458B27A00BC244D /* Frameworks */,
				275B4ACD2458B27A00BC244D /* Resources */,
			);
			buildRules = (
			);
			dependencies = (
				275B4AD12458B27A00BC244D /* PBXTargetDependency */,
			);
			name = ENBDPixabayTests;
			productName = ENBDPixabayTests;
			productReference = 275B4ACF2458B27A00BC244D /* ENBDPixabayTests.xctest */;
			productType = "com.apple.product-type.bundle.unit-test";
		};
/* End PBXNativeTarget section */

/* Begin PBXProject section */
		275B4AAE2458B27500BC244D /* Project object */ = {
			isa = PBXProject;
			attributes = {
				LastSwiftUpdateCheck = 1120;
				LastUpgradeCheck = 1120;
				ORGANIZATIONNAME = Vishnu;
				TargetAttributes = {
					275B4AB52458B27500BC244D = {
						CreatedOnToolsVersion = 11.2.1;
					};
					275B4ACE2458B27A00BC244D = {
						CreatedOnToolsVersion = 11.2.1;
						TestTargetID = 275B4AB52458B27500BC244D;
					};
				};
			};
			buildConfigurationList = 275B4AB12458B27500BC244D /* Build configuration list for PBXProject "ENBDPixabay" */;
			compatibilityVersion = "Xcode 9.3";
			developmentRegion = en;
			hasScannedForEncodings = 0;
			knownRegions = (
				en,
				Base,
			);
			mainGroup = 275B4AAD2458B27500BC244D;
			productRefGroup = 275B4AB72458B27500BC244D /* Products */;
			projectDirPath = "";
			projectRoot = "";
			targets = (
				275B4AB52458B27500BC244D /* ENBDPixabay */,
				275B4ACE2458B27A00BC244D /* ENBDPixabayTests */,
			);
		};
/* End PBXProject section */

/* Begin PBXResourcesBuildPhase section */
		275B4AB42458B27500BC244D /* Resources */ = {
			isa = PBXResourcesBuildPhase;
			buildActionMask = 2147483647;
			files = (
				275B4AC92458B27A00BC244D /* LaunchScreen.storyboard in Resources */,
				275B4AC62458B27A00BC244D /* Assets.xcassets in Resources */,
				275B4AC12458B27500BC244D /* Main.storyboard in Resources */,
			);
			runOnlyForDeploymentPostprocessing = 0;
		};
		275B4ACD2458B27A00BC244D /* Resources */ = {
			isa = PBXResourcesBuildPhase;
			buildActionMask = 2147483647;
			files = (
				275B4AF2245A042300BC244D /* PBHits.json in Resources */,
			);
			runOnlyForDeploymentPostprocessing = 0;
		};
/* End PBXResourcesBuildPhase section */

/* Begin PBXShellScriptBuildPhase section */
		1859F349828D26AB22FF8089 /* [CP] Check Pods Manifest.lock */ = {
			isa = PBXShellScriptBuildPhase;
			buildActionMask = 2147483647;
			files = (
			);
			inputFileListPaths = (
			);
			inputPaths = (
				"${PODS_PODFILE_DIR_PATH}/Podfile.lock",
				"${PODS_ROOT}/Manifest.lock",
			);
			name = "[CP] Check Pods Manifest.lock";
			outputFileListPaths = (
			);
			outputPaths = (
				"$(DERIVED_FILE_DIR)/Pods-ENBDPixabayTests-checkManifestLockResult.txt",
			);
			runOnlyForDeploymentPostprocessing = 0;
			shellPath = /bin/sh;
			shellScript = "diff \"${PODS_PODFILE_DIR_PATH}/Podfile.lock\" \"${PODS_ROOT}/Manifest.lock\" > /dev/null\nif [ $? != 0 ] ; then\n    # print error to STDERR\n    echo \"error: The sandbox is not in sync with the Podfile.lock. Run 'pod install' or update your CocoaPods installation.\" >&2\n    exit 1\nfi\n# This output is used by Xcode 'outputs' to avoid re-running this script phase.\necho \"SUCCESS\" > \"${SCRIPT_OUTPUT_FILE_0}\"\n";
			showEnvVarsInLog = 0;
		};
		F09CB82E45DD45335C5C59CE /* [CP] Check Pods Manifest.lock */ = {
			isa = PBXShellScriptBuildPhase;
			buildActionMask = 2147483647;
			files = (
			);
			inputFileListPaths = (
			);
			inputPaths = (
				"${PODS_PODFILE_DIR_PATH}/Podfile.lock",
				"${PODS_ROOT}/Manifest.lock",
			);
			name = "[CP] Check Pods Manifest.lock";
			outputFileListPaths = (
			);
			outputPaths = (
				"$(DERIVED_FILE_DIR)/Pods-ENBDPixabay-checkManifestLockResult.txt",
			);
			runOnlyForDeploymentPostprocessing = 0;
			shellPath = /bin/sh;
			shellScript = "diff \"${PODS_PODFILE_DIR_PATH}/Podfile.lock\" \"${PODS_ROOT}/Manifest.lock\" > /dev/null\nif [ $? != 0 ] ; then\n    # print error to STDERR\n    echo \"error: The sandbox is not in sync with the Podfile.lock. Run 'pod install' or update your CocoaPods installation.\" >&2\n    exit 1\nfi\n# This output is used by Xcode 'outputs' to avoid re-running this script phase.\necho \"SUCCESS\" > \"${SCRIPT_OUTPUT_FILE_0}\"\n";
			showEnvVarsInLog = 0;
		};
/* End PBXShellScriptBuildPhase section */

/* Begin PBXSourcesBuildPhase section */
		275B4AB22458B27500BC244D /* Sources */ = {
			isa = PBXSourcesBuildPhase;
			buildActionMask = 2147483647;
			files = (
				275B4ABE2458B27500BC244D /* ViewController.swift in Sources */,
				275B4AEE2459750100BC244D /* PBHitDetailsViewModel.swift in Sources */,
				275B4AEC245974E000BC244D /* PBHitsListViewModel.swift in Sources */,
				275B4AE32458C4D000BC244D /* PBHitsService.swift in Sources */,
				275B4ABA2458B27500BC244D /* AppDelegate.swift in Sources */,
				275B4ABC2458B27500BC244D /* SceneDelegate.swift in Sources */,
				275B4AC42458B27500BC244D /* ENBDPixabay.xcdatamodeld in Sources */,
				275B4AE12458C2B400BC244D /* PBHitsModel.swift in Sources */,
				275B4AEA245974CC00BC244D /* PBHitsListViewController.swift in Sources */,
				275B4AE72459749000BC244D /* PBHitDetailsViewController.swift in Sources */,
			);
			runOnlyForDeploymentPostprocessing = 0;
		};
		275B4ACB2458B27A00BC244D /* Sources */ = {
			isa = PBXSourcesBuildPhase;
			buildActionMask = 2147483647;
			files = (
				275B4AD42458B27A00BC244D /* ENBDPixabayTests.swift in Sources */,
			);
			runOnlyForDeploymentPostprocessing = 0;
		};
/* End PBXSourcesBuildPhase section */

/* Begin PBXTargetDependency section */
		275B4AD12458B27A00BC244D /* PBXTargetDependency */ = {
			isa = PBXTargetDependency;
			target = 275B4AB52458B27500BC244D /* ENBDPixabay */;
			targetProxy = 275B4AD02458B27A00BC244D /* PBXContainerItemProxy */;
		};
/* End PBXTargetDependency section */

/* Begin PBXVariantGroup section */
		275B4ABF2458B27500BC244D /* Main.storyboard */ = {
			isa = PBXVariantGroup;
			children = (
				275B4AC02458B27500BC244D /* Base */,
			);
			name = Main.storyboard;
			sourceTree = "<group>";
		};
		275B4AC72458B27A00BC244D /* LaunchScreen.storyboard */ = {
			isa = PBXVariantGroup;
			children = (
				275B4AC82458B27A00BC244D /* Base */,
			);
			name = LaunchScreen.storyboard;
			sourceTree = "<group>";
		};
/* End PBXVariantGroup section */

/* Begin XCBuildConfiguration section */
		275B4AD62458B27A00BC244D /* Debug */ = {
			isa = XCBuildConfiguration;
			buildSettings = {
				ALWAYS_SEARCH_USER_PATHS = NO;
				CLANG_ANALYZER_NONNULL = YES;
				CLANG_ANALYZER_NUMBER_OBJECT_CONVERSION = YES_AGGRESSIVE;
				CLANG_CXX_LANGUAGE_STANDARD = "gnu++14";
				CLANG_CXX_LIBRARY = "libc++";
				CLANG_ENABLE_MODULES = YES;
				CLANG_ENABLE_OBJC_ARC = YES;
				CLANG_ENABLE_OBJC_WEAK = YES;
				CLANG_WARN_BLOCK_CAPTURE_AUTORELEASING = YES;
				CLANG_WARN_BOOL_CONVERSION = YES;
				CLANG_WARN_COMMA = YES;
				CLANG_WARN_CONSTANT_CONVERSION = YES;
				CLANG_WARN_DEPRECATED_OBJC_IMPLEMENTATIONS = YES;
				CLANG_WARN_DIRECT_OBJC_ISA_USAGE = YES_ERROR;
				CLANG_WARN_DOCUMENTATION_COMMENTS = YES;
				CLANG_WARN_EMPTY_BODY = YES;
				CLANG_WARN_ENUM_CONVERSION = YES;
				CLANG_WARN_INFINITE_RECURSION = YES;
				CLANG_WARN_INT_CONVERSION = YES;
				CLANG_WARN_NON_LITERAL_NULL_CONVERSION = YES;
				CLANG_WARN_OBJC_IMPLICIT_RETAIN_SELF = YES;
				CLANG_WARN_OBJC_LITERAL_CONVERSION = YES;
				CLANG_WARN_OBJC_ROOT_CLASS = YES_ERROR;
				CLANG_WARN_RANGE_LOOP_ANALYSIS = YES;
				CLANG_WARN_STRICT_PROTOTYPES = YES;
				CLANG_WARN_SUSPICIOUS_MOVE = YES;
				CLANG_WARN_UNGUARDED_AVAILABILITY = YES_AGGRESSIVE;
				CLANG_WARN_UNREACHABLE_CODE = YES;
				CLANG_WARN__DUPLICATE_METHOD_MATCH = YES;
				COPY_PHASE_STRIP = NO;
				DEBUG_INFORMATION_FORMAT = dwarf;
				ENABLE_STRICT_OBJC_MSGSEND = YES;
				ENABLE_TESTABILITY = YES;
				GCC_C_LANGUAGE_STANDARD = gnu11;
				GCC_DYNAMIC_NO_PIC = NO;
				GCC_NO_COMMON_BLOCKS = YES;
				GCC_OPTIMIZATION_LEVEL = 0;
				GCC_PREPROCESSOR_DEFINITIONS = (
					"DEBUG=1",
					"$(inherited)",
				);
				GCC_WARN_64_TO_32_BIT_CONVERSION = YES;
				GCC_WARN_ABOUT_RETURN_TYPE = YES_ERROR;
				GCC_WARN_UNDECLARED_SELECTOR = YES;
				GCC_WARN_UNINITIALIZED_AUTOS = YES_AGGRESSIVE;
				GCC_WARN_UNUSED_FUNCTION = YES;
				GCC_WARN_UNUSED_VARIABLE = YES;
				IPHONEOS_DEPLOYMENT_TARGET = 13.2;
				MTL_ENABLE_DEBUG_INFO = INCLUDE_SOURCE;
				MTL_FAST_MATH = YES;
				ONLY_ACTIVE_ARCH = YES;
				SDKROOT = iphoneos;
				SWIFT_ACTIVE_COMPILATION_CONDITIONS = DEBUG;
				SWIFT_OPTIMIZATION_LEVEL = "-Onone";
			};
			name = Debug;
		};
		275B4AD72458B27A00BC244D /* Release */ = {
			isa = XCBuildConfiguration;
			buildSettings = {
				ALWAYS_SEARCH_USER_PATHS = NO;
				CLANG_ANALYZER_NONNULL = YES;
				CLANG_ANALYZER_NUMBER_OBJECT_CONVERSION = YES_AGGRESSIVE;
				CLANG_CXX_LANGUAGE_STANDARD = "gnu++14";
				CLANG_CXX_LIBRARY = "libc++";
				CLANG_ENABLE_MODULES = YES;
				CLANG_ENABLE_OBJC_ARC = YES;
				CLANG_ENABLE_OBJC_WEAK = YES;
				CLANG_WARN_BLOCK_CAPTURE_AUTORELEASING = YES;
				CLANG_WARN_BOOL_CONVERSION = YES;
				CLANG_WARN_COMMA = YES;
				CLANG_WARN_CONSTANT_CONVERSION = YES;
				CLANG_WARN_DEPRECATED_OBJC_IMPLEMENTATIONS = YES;
				CLANG_WARN_DIRECT_OBJC_ISA_USAGE = YES_ERROR;
				CLANG_WARN_DOCUMENTATION_COMMENTS = YES;
				CLANG_WARN_EMPTY_BODY = YES;
				CLANG_WARN_ENUM_CONVERSION = YES;
				CLANG_WARN_INFINITE_RECURSION = YES;
				CLANG_WARN_INT_CONVERSION = YES;
				CLANG_WARN_NON_LITERAL_NULL_CONVERSION = YES;
				CLANG_WARN_OBJC_IMPLICIT_RETAIN_SELF = YES;
				CLANG_WARN_OBJC_LITERAL_CONVERSION = YES;
				CLANG_WARN_OBJC_ROOT_CLASS = YES_ERROR;
				CLANG_WARN_RANGE_LOOP_ANALYSIS = YES;
				CLANG_WARN_STRICT_PROTOTYPES = YES;
				CLANG_WARN_SUSPICIOUS_MOVE = YES;
				CLANG_WARN_UNGUARDED_AVAILABILITY = YES_AGGRESSIVE;
				CLANG_WARN_UNREACHABLE_CODE = YES;
				CLANG_WARN__DUPLICATE_METHOD_MATCH = YES;
				COPY_PHASE_STRIP = NO;
				DEBUG_INFORMATION_FORMAT = "dwarf-with-dsym";
				ENABLE_NS_ASSERTIONS = NO;
				ENABLE_STRICT_OBJC_MSGSEND = YES;
				GCC_C_LANGUAGE_STANDARD = gnu11;
				GCC_NO_COMMON_BLOCKS = YES;
				GCC_WARN_64_TO_32_BIT_CONVERSION = YES;
				GCC_WARN_ABOUT_RETURN_TYPE = YES_ERROR;
				GCC_WARN_UNDECLARED_SELECTOR = YES;
				GCC_WARN_UNINITIALIZED_AUTOS = YES_AGGRESSIVE;
				GCC_WARN_UNUSED_FUNCTION = YES;
				GCC_WARN_UNUSED_VARIABLE = YES;
				IPHONEOS_DEPLOYMENT_TARGET = 13.2;
				MTL_ENABLE_DEBUG_INFO = NO;
				MTL_FAST_MATH = YES;
				SDKROOT = iphoneos;
				SWIFT_COMPILATION_MODE = wholemodule;
				SWIFT_OPTIMIZATION_LEVEL = "-O";
				VALIDATE_PRODUCT = YES;
			};
			name = Release;
		};
		275B4AD92458B27A00BC244D /* Debug */ = {
			isa = XCBuildConfiguration;
			baseConfigurationReference = E91B7B4CB355185F443357A1 /* Pods-ENBDPixabay.debug.xcconfig */;
			buildSettings = {
				ASSETCATALOG_COMPILER_APPICON_NAME = AppIcon;
				CODE_SIGN_STYLE = Automatic;
				INFOPLIST_FILE = ENBDPixabay/Info.plist;
				LD_RUNPATH_SEARCH_PATHS = (
					"$(inherited)",
					"@executable_path/Frameworks",
				);
				PRODUCT_BUNDLE_IDENTIFIER = com.omni.enbd.ENBDPixabay;
				PRODUCT_NAME = "$(TARGET_NAME)";
				SWIFT_VERSION = 5.0;
				TARGETED_DEVICE_FAMILY = "1,2";
			};
			name = Debug;
		};
		275B4ADA2458B27A00BC244D /* Release */ = {
			isa = XCBuildConfiguration;
			baseConfigurationReference = 3F7E3DCD87C2C6FDD5B8FD53 /* Pods-ENBDPixabay.release.xcconfig */;
			buildSettings = {
				ASSETCATALOG_COMPILER_APPICON_NAME = AppIcon;
				CODE_SIGN_STYLE = Automatic;
				INFOPLIST_FILE = ENBDPixabay/Info.plist;
				LD_RUNPATH_SEARCH_PATHS = (
					"$(inherited)",
					"@executable_path/Frameworks",
				);
				PRODUCT_BUNDLE_IDENTIFIER = com.omni.enbd.ENBDPixabay;
				PRODUCT_NAME = "$(TARGET_NAME)";
				SWIFT_VERSION = 5.0;
				TARGETED_DEVICE_FAMILY = "1,2";
			};
			name = Release;
		};
		275B4ADC2458B27A00BC244D /* Debug */ = {
			isa = XCBuildConfiguration;
			baseConfigurationReference = EB2E47AE4D5668F5D44A9C9F /* Pods-ENBDPixabayTests.debug.xcconfig */;
			buildSettings = {
				ALWAYS_EMBED_SWIFT_STANDARD_LIBRARIES = YES;
				BUNDLE_LOADER = "$(TEST_HOST)";
				CODE_SIGN_STYLE = Automatic;
				INFOPLIST_FILE = ENBDPixabayTests/Info.plist;
				IPHONEOS_DEPLOYMENT_TARGET = 13.2;
				LD_RUNPATH_SEARCH_PATHS = (
					"$(inherited)",
					"@executable_path/Frameworks",
					"@loader_path/Frameworks",
				);
				PRODUCT_BUNDLE_IDENTIFIER = com.omni.enbd.ENBDPixabayTests;
				PRODUCT_NAME = "$(TARGET_NAME)";
				SWIFT_VERSION = 5.0;
				TARGETED_DEVICE_FAMILY = "1,2";
				TEST_HOST = "$(BUILT_PRODUCTS_DIR)/ENBDPixabay.app/ENBDPixabay";
			};
			name = Debug;
		};
		275B4ADD2458B27A00BC244D /* Release */ = {
			isa = XCBuildConfiguration;
			baseConfigurationReference = 7E155F227B48192F4766D4AC /* Pods-ENBDPixabayTests.release.xcconfig */;
			buildSettings = {
				ALWAYS_EMBED_SWIFT_STANDARD_LIBRARIES = YES;
				BUNDLE_LOADER = "$(TEST_HOST)";
				CODE_SIGN_STYLE = Automatic;
				INFOPLIST_FILE = ENBDPixabayTests/Info.plist;
				IPHONEOS_DEPLOYMENT_TARGET = 13.2;
				LD_RUNPATH_SEARCH_PATHS = (
					"$(inherited)",
					"@executable_path/Frameworks",
					"@loader_path/Frameworks",
				);
				PRODUCT_BUNDLE_IDENTIFIER = com.omni.enbd.ENBDPixabayTests;
				PRODUCT_NAME = "$(TARGET_NAME)";
				SWIFT_VERSION = 5.0;
				TARGETED_DEVICE_FAMILY = "1,2";
				TEST_HOST = "$(BUILT_PRODUCTS_DIR)/ENBDPixabay.app/ENBDPixabay";
			};
			name = Release;
		};
/* End XCBuildConfiguration section */

/* Begin XCConfigurationList section */
		275B4AB12458B27500BC244D /* Build configuration list for PBXProject "ENBDPixabay" */ = {
			isa = XCConfigurationList;
			buildConfigurations = (
				275B4AD62458B27A00BC244D /* Debug */,
				275B4AD72458B27A00BC244D /* Release */,
			);
			defaultConfigurationIsVisible = 0;
			defaultConfigurationName = Release;
		};
		275B4AD82458B27A00BC244D /* Build configuration list for PBXNativeTarget "ENBDPixabay" */ = {
			isa = XCConfigurationList;
			buildConfigurations = (
				275B4AD92458B27A00BC244D /* Debug */,
				275B4ADA2458B27A00BC244D /* Release */,
			);
			defaultConfigurationIsVisible = 0;
			defaultConfigurationName = Release;
		};
		275B4ADB2458B27A00BC244D /* Build configuration list for PBXNativeTarget "ENBDPixabayTests" */ = {
			isa = XCConfigurationList;
			buildConfigurations = (
				275B4ADC2458B27A00BC244D /* Debug */,
				275B4ADD2458B27A00BC244D /* Release */,
			);
			defaultConfigurationIsVisible = 0;
			defaultConfigurationName = Release;
		};
/* End XCConfigurationList section */

/* Begin XCVersionGroup section */
		275B4AC22458B27500BC244D /* ENBDPixabay.xcdatamodeld */ = {
			isa = XCVersionGroup;
			children = (
				275B4AC32458B27500BC244D /* ENBDPixabay.xcdatamodel */,
			);
			currentVersion = 275B4AC32458B27500BC244D /* ENBDPixabay.xcdatamodel */;
			path = ENBDPixabay.xcdatamodeld;
			sourceTree = "<group>";
			versionGroupType = wrapper.xcdatamodel;
		};
/* End XCVersionGroup section */
	};
	rootObject = 275B4AAE2458B27500BC244D /* Project object */;
}
